golang.org/x/sync v0.7.0 h1:YsImfSBoP9QZHP3jeLmLJ0K6N0CanHx15r3FIS3F5oU=
golang.org/x/sync v0.7.0/go.mod h1:Czt+wKu+jkqRtpzMHrQr+f3PSP2XB0OOqQXAzf2pXoQ=
gopkg.in/yaml.v3 v3.0.1 h1:fxVm/GzAzEWqLHuvctI91KS9hhNmmWOoWu0XTYJS7CA=
gopkg.in/yaml.v3 v3.0.1/go.mod h1:K4uyk7z7BCEPqu6E+C64Yfv1cQ7kz7rIZviUmN+EgEM=
